
Microsoft Visual Studio Solution File, Format Version 12.00
# Visual Studio Version 16
VisualStudioVersion = 16.0.31624.102
MinimumVisualStudioVersion = 10.0.40219.1
Project("{FAE04EC0-301F-11D3-BF4B-00C04F79EFBC}") = "JokesWebApp", "JokesWebApp\JokesWebApp.csproj", "{54485349-5E23-4D97-B613-E56F885014E7}"
EndProject
Global
	GlobalSection(SolutionConfigurationPlatforms) = preSolution
		Debug|Any CPU = Debug|Any CPU
		Release|Any CPU = Release|Any CPU
	EndGlobalSection
	GlobalSection(ProjectConfigurationPlatforms) = postSolution
		{54485349-5E23-4D97-B613-E56F885014E7}.Debug|Any CPU.ActiveCfg = Debug|Any CPU
		{54485349-5E23-4D97-B613-E56F885014E7}.Debug|Any CPU.Build.0 = Debug|Any CPU
		{54485349-5E23-4D97-B613-E56F885014E7}.Release|Any CPU.ActiveCfg = Release|Any CPU
		{54485349-5E23-4D97-B613-E56F885014E7}.Release|Any CPU.Build.0 = Release|Any CPU
	EndGlobalSection
	GlobalSection(SolutionProperties) = preSolution
		HideSolutionNode = FALSE
	EndGlobalSection
	GlobalSection(ExtensibilityGlobals) = postSolution
		SolutionGuid = {8817CBEA-EA82-4BDA-8EC9-E87144FF0188}
	EndGlobalSection
EndGlobal
